
Microsoft Visual Studio Solution File, Format Version 12.00
# Visual Studio Version 17
VisualStudioVersion = 17.9.34728.123
MinimumVisualStudioVersion = 10.0.40219.1
Project("{FAE04EC0-301F-11D3-BF4B-00C04F79EFBC}") = "PrograWeb1", "Prograweb1\PrograWeb1.csproj", "{50249B81-FA4C-45A9-AF34-8936E662F201}"
EndProject
Global
	GlobalSection(SolutionConfigurationPlatforms) = preSolution
		Debug|Any CPU = Debug|Any CPU
		Release|Any CPU = Release|Any CPU
	EndGlobalSection
	GlobalSection(ProjectConfigurationPlatforms) = postSolution
		{50249B81-FA4C-45A9-AF34-8936E662F201}.Debug|Any CPU.ActiveCfg = Debug|Any CPU
		{50249B81-FA4C-45A9-AF34-8936E662F201}.Debug|Any CPU.Build.0 = Debug|Any CPU
		{50249B81-FA4C-45A9-AF34-8936E662F201}.Release|Any CPU.ActiveCfg = Release|Any CPU
		{50249B81-FA4C-45A9-AF34-8936E662F201}.Release|Any CPU.Build.0 = Release|Any CPU
	EndGlobalSection
	GlobalSection(SolutionProperties) = preSolution
		HideSolutionNode = FALSE
	EndGlobalSection
	GlobalSection(ExtensibilityGlobals) = postSolution
		SolutionGuid = {4705B39B-9D0D-463D-B10E-46D4A41E75AB}
	EndGlobalSection
EndGlobal
